dependencies:
- name: kafka
  repository: https://charts.bitnami.com/bitnami
  version: 20.0.2
- name: sina-recipe-service
  repository: file://../../../recipies_ms/chart/sina-recipe-service
  version: 0.1.0
- name: sina-postgre
  repository: file://../../../project_scripts/charts/sina-postgre
  version: 0.1.0
digest: sha256:18743e4bc5a97348bccc829fd48f9a4e062a2744ba11df106a08b050b91faf1c
generated: "2023-05-14T14:23:43.0093895+02:00"
